# This file is generated by running "yarn install" inside your project.
# Manual changes might be lost - proceed with caution!

__metadata:
  version: 8
  cacheKey: 10c0

"@biomejs/biome@npm:1.5.0":
  version: 1.5.0
  resolution: "@biomejs/biome@npm:1.5.0"
  dependencies:
    "@biomejs/cli-darwin-arm64": "npm:1.5.0"
    "@biomejs/cli-darwin-x64": "npm:1.5.0"
    "@biomejs/cli-linux-arm64": "npm:1.5.0"
    "@biomejs/cli-linux-arm64-musl": "npm:1.5.0"
    "@biomejs/cli-linux-x64": "npm:1.5.0"
    "@biomejs/cli-linux-x64-musl": "npm:1.5.0"
    "@biomejs/cli-win32-arm64": "npm:1.5.0"
    "@biomejs/cli-win32-x64": "npm:1.5.0"
  dependenciesMeta:
    "@biomejs/cli-darwin-arm64":
      optional: true
    "@biomejs/cli-darwin-x64":
      optional: true
    "@biomejs/cli-linux-arm64":
      optional: true
    "@biomejs/cli-linux-arm64-musl":
      optional: true
    "@biomejs/cli-linux-x64":
      optional: true
    "@biomejs/cli-linux-x64-musl":
      optional: true
    "@biomejs/cli-win32-arm64":
      optional: true
    "@biomejs/cli-win32-x64":
      optional: true
  bin:
    biome: bin/biome
  checksum: b0c8df23c2afd2590f57bd1ec9da0870be727d059d38109ba1978839da3825dfd050dff3e1b717e979705f87a922f5b6ce02d0584f0ff61bf76b6b0945a5468d
  languageName: node
  linkType: hard

"@biomejs/cli-darwin-arm64@npm:1.5.0":
  version: 1.5.0
  resolution: "@biomejs/cli-darwin-arm64@npm:1.5.0"
  conditions: os=darwin & cpu=arm64
  languageName: node
  linkType: hard

"@biomejs/cli-darwin-x64@npm:1.5.0":
  version: 1.5.0
  resolution: "@biomejs/cli-darwin-x64@npm:1.5.0"
  conditions: os=darwin & cpu=x64
  languageName: node
  linkType: hard

"@biomejs/cli-linux-arm64-musl@npm:1.5.0":
  version: 1.5.0
  resolution: "@biomejs/cli-linux-arm64-musl@npm:1.5.0"
  conditions: os=linux & cpu=arm64 & libc=musl
  languageName: node
  linkType: hard

"@biomejs/cli-linux-arm64@npm:1.5.0":
  version: 1.5.0
  resolution: "@biomejs/cli-linux-arm64@npm:1.5.0"
  conditions: os=linux & cpu=arm64 & libc=glibc
  languageName: node
  linkType: hard

"@biomejs/cli-linux-x64-musl@npm:1.5.0":
  version: 1.5.0
  resolution: "@biomejs/cli-linux-x64-musl@npm:1.5.0"
  conditions: os=linux & cpu=x64 & libc=musl
  languageName: node
  linkType: hard

"@biomejs/cli-linux-x64@npm:1.5.0":
  version: 1.5.0
  resolution: "@biomejs/cli-linux-x64@npm:1.5.0"
  conditions: os=linux & cpu=x64 & libc=glibc
  languageName: node
  linkType: hard

"@biomejs/cli-win32-arm64@npm:1.5.0":
  version: 1.5.0
  resolution: "@biomejs/cli-win32-arm64@npm:1.5.0"
  conditions: os=win32 & cpu=arm64
  languageName: node
  linkType: hard

"@biomejs/cli-win32-x64@npm:1.5.0":
  version: 1.5.0
  resolution: "@biomejs/cli-win32-x64@npm:1.5.0"
  conditions: os=win32 & cpu=x64
  languageName: node
  linkType: hard

"@clack/core@npm:^0.3.3":
  version: 0.3.3
  resolution: "@clack/core@npm:0.3.3"
  dependencies:
    picocolors: "npm:^1.0.0"
    sisteransi: "npm:^1.0.5"
  checksum: e26e5a78d081829107c05a459be2f80e1f3d93192ad047263f48378279ae5a46be1b165a6c32e148ba334af4dfbba0fe942b5636ee272f7684d41741452512e8
  languageName: node
  linkType: hard

"@clack/prompts@npm:0.7.0":
  version: 0.7.0
  resolution: "@clack/prompts@npm:0.7.0"
  dependencies:
    "@clack/core": "npm:^0.3.3"
    is-unicode-supported: "npm:*"
    picocolors: "npm:^1.0.0"
    sisteransi: "npm:^1.0.5"
  checksum: fecb3b34308c5cb75807211b28d50caa4b0c5d150d16e733e59bfba3187ac856f050ed44baeca90eb99e047671096ff54402dd2790e9c0e77845a75b04003e2e
  languageName: node
  linkType: hard

"@jonahsnider/util@npm:10.3.0":
  version: 10.3.0
  resolution: "@jonahsnider/util@npm:10.3.0"
  checksum: f70eafd8c60d75e6d37b6deb1685a0669a5dd45c61c31a24037a6a1c0aa5c61c811abb667fad5af38aced8cee5892e80625ba0a7cab5e544168da67d39dae7fb
  languageName: node
  linkType: hard

"@tsconfig/node20@npm:20.1.2":
  version: 20.1.2
  resolution: "@tsconfig/node20@npm:20.1.2"
  checksum: e438fa9b93f0e6ea667affbbd3217692bf3f92db1b3dcbfba1dd141a7dbcd647c19ed87ce76871c723bed398759ec4a5590685f3e669b600c9371f143a19e0c1
  languageName: node
  linkType: hard

"@tsconfig/strictest@npm:2.0.2":
  version: 2.0.2
  resolution: "@tsconfig/strictest@npm:2.0.2"
  checksum: 22275cecc42fb4068405e22abaf42d58352f65f9217f0c8bad0a459f178ea6d2ac4978e0157ff747322e299dfb90852d5a9988460f96b5ba647817f2a015f9ee
  languageName: node
  linkType: hard

"@types/node@npm:20.10.8":
  version: 20.10.8
  resolution: "@types/node@npm:20.10.8"
  dependencies:
    undici-types: "npm:~5.26.4"
  checksum: 93268c33c3bf0194427d696658160c77ab8661aa57107df5b248ff952898a372bf92cf0ba7fc07788fa35e59c69b6619cce63d45e4e67fca806e37da7ea42512
  languageName: node
  linkType: hard

"is-unicode-supported@npm:*, is-unicode-supported@npm:2.0.0":
  version: 2.0.0
  resolution: "is-unicode-supported@npm:2.0.0"
  checksum: 3013dfb8265fe9f9a0d1e9433fc4e766595631a8d85d60876c457b4bedc066768dab1477c553d02e2f626d88a4e019162706e04263c94d74994ef636a33b5f94
  languageName: node
  linkType: hard

"path-exists@npm:5.0.0":
  version: 5.0.0
  resolution: "path-exists@npm:5.0.0"
  checksum: b170f3060b31604cde93eefdb7392b89d832dfbc1bed717c9718cbe0f230c1669b7e75f87e19901da2250b84d092989a0f9e44d2ef41deb09aa3ad28e691a40a
  languageName: node
  linkType: hard

"pathflip@workspace:.":
  version: 0.0.0-use.local
  resolution: "pathflip@workspace:."
  dependencies:
    "@biomejs/biome": "npm:1.5.0"
    "@clack/prompts": "npm:0.7.0"
    "@jonahsnider/util": "npm:10.3.0"
    "@tsconfig/node20": "npm:20.1.2"
    "@tsconfig/strictest": "npm:2.0.2"
    "@types/node": "npm:20.10.8"
    is-unicode-supported: "npm:2.0.0"
    path-exists: "npm:5.0.0"
    typescript: "npm:5.3.3"
  languageName: unknown
  linkType: soft

"picocolors@npm:^1.0.0":
  version: 1.0.0
  resolution: "picocolors@npm:1.0.0"
  checksum: 20a5b249e331c14479d94ec6817a182fd7a5680debae82705747b2db7ec50009a5f6648d0621c561b0572703f84dbef0858abcbd5856d3c5511426afcb1961f7
  languageName: node
  linkType: hard

"sisteransi@npm:^1.0.5":
  version: 1.0.5
  resolution: "sisteransi@npm:1.0.5"
  checksum: 230ac975cca485b7f6fe2b96a711aa62a6a26ead3e6fb8ba17c5a00d61b8bed0d7adc21f5626b70d7c33c62ff4e63933017a6462942c719d1980bb0b1207ad46
  languageName: node
  linkType: hard

"typescript@npm:5.3.3":
  version: 5.3.3
  resolution: "typescript@npm:5.3.3"
  bin:
    tsc: bin/tsc
    tsserver: bin/tsserver
  checksum: e33cef99d82573624fc0f854a2980322714986bc35b9cb4d1ce736ed182aeab78e2cb32b385efa493b2a976ef52c53e20d6c6918312353a91850e2b76f1ea44f
  languageName: node
  linkType: hard

"typescript@patch:typescript@npm%3A5.3.3#optional!builtin<compat/typescript>":
  version: 5.3.3
  resolution: "typescript@patch:typescript@npm%3A5.3.3#optional!builtin<compat/typescript>::version=5.3.3&hash=e012d7"
  bin:
    tsc: bin/tsc
    tsserver: bin/tsserver
  checksum: 1d0a5f4ce496c42caa9a30e659c467c5686eae15d54b027ee7866744952547f1be1262f2d40de911618c242b510029d51d43ff605dba8fb740ec85ca2d3f9500
  languageName: node
  linkType: hard

"undici-types@npm:~5.26.4":
  version: 5.26.5
  resolution: "undici-types@npm:5.26.5"
  checksum: bb673d7876c2d411b6eb6c560e0c571eef4a01c1c19925175d16e3a30c4c428181fb8d7ae802a261f283e4166a0ac435e2f505743aa9e45d893f9a3df017b501
  languageName: node
  linkType: hard
