# This file is generated by running "yarn install" inside your project.
# Manual changes might be lost - proceed with caution!

__metadata:
  version: 8
  cacheKey: 10c0

"@biomejs/biome@npm:1.5.3":
  version: 1.5.3
  resolution: "@biomejs/biome@npm:1.5.3"
  dependencies:
    "@biomejs/cli-darwin-arm64": "npm:1.5.3"
    "@biomejs/cli-darwin-x64": "npm:1.5.3"
    "@biomejs/cli-linux-arm64": "npm:1.5.3"
    "@biomejs/cli-linux-arm64-musl": "npm:1.5.3"
    "@biomejs/cli-linux-x64": "npm:1.5.3"
    "@biomejs/cli-linux-x64-musl": "npm:1.5.3"
    "@biomejs/cli-win32-arm64": "npm:1.5.3"
    "@biomejs/cli-win32-x64": "npm:1.5.3"
  dependenciesMeta:
    "@biomejs/cli-darwin-arm64":
      optional: true
    "@biomejs/cli-darwin-x64":
      optional: true
    "@biomejs/cli-linux-arm64":
      optional: true
    "@biomejs/cli-linux-arm64-musl":
      optional: true
    "@biomejs/cli-linux-x64":
      optional: true
    "@biomejs/cli-linux-x64-musl":
      optional: true
    "@biomejs/cli-win32-arm64":
      optional: true
    "@biomejs/cli-win32-x64":
      optional: true
  bin:
    biome: bin/biome
  checksum: 10c0/470d0707fda5f029380648049e9eafdec4579d96b199a6f92401f67524b6739c136f139898db77f3fc2633ba5f56bdfb1d5193dacde31aff9811924d0ac32ddc
  languageName: node
  linkType: hard

"@biomejs/cli-darwin-arm64@npm:1.5.3":
  version: 1.5.3
  resolution: "@biomejs/cli-darwin-arm64@npm:1.5.3"
  conditions: os=darwin & cpu=arm64
  languageName: node
  linkType: hard

"@biomejs/cli-darwin-x64@npm:1.5.3":
  version: 1.5.3
  resolution: "@biomejs/cli-darwin-x64@npm:1.5.3"
  conditions: os=darwin & cpu=x64
  languageName: node
  linkType: hard

"@biomejs/cli-linux-arm64-musl@npm:1.5.3":
  version: 1.5.3
  resolution: "@biomejs/cli-linux-arm64-musl@npm:1.5.3"
  conditions: os=linux & cpu=arm64 & libc=musl
  languageName: node
  linkType: hard

"@biomejs/cli-linux-arm64@npm:1.5.3":
  version: 1.5.3
  resolution: "@biomejs/cli-linux-arm64@npm:1.5.3"
  conditions: os=linux & cpu=arm64 & libc=glibc
  languageName: node
  linkType: hard

"@biomejs/cli-linux-x64-musl@npm:1.5.3":
  version: 1.5.3
  resolution: "@biomejs/cli-linux-x64-musl@npm:1.5.3"
  conditions: os=linux & cpu=x64 & libc=musl
  languageName: node
  linkType: hard

"@biomejs/cli-linux-x64@npm:1.5.3":
  version: 1.5.3
  resolution: "@biomejs/cli-linux-x64@npm:1.5.3"
  conditions: os=linux & cpu=x64 & libc=glibc
  languageName: node
  linkType: hard

"@biomejs/cli-win32-arm64@npm:1.5.3":
  version: 1.5.3
  resolution: "@biomejs/cli-win32-arm64@npm:1.5.3"
  conditions: os=win32 & cpu=arm64
  languageName: node
  linkType: hard

"@biomejs/cli-win32-x64@npm:1.5.3":
  version: 1.5.3
  resolution: "@biomejs/cli-win32-x64@npm:1.5.3"
  conditions: os=win32 & cpu=x64
  languageName: node
  linkType: hard

"@clack/core@npm:^0.3.3":
  version: 0.3.3
  resolution: "@clack/core@npm:0.3.3"
  dependencies:
    picocolors: "npm:^1.0.0"
    sisteransi: "npm:^1.0.5"
  checksum: 10c0/e26e5a78d081829107c05a459be2f80e1f3d93192ad047263f48378279ae5a46be1b165a6c32e148ba334af4dfbba0fe942b5636ee272f7684d41741452512e8
  languageName: node
  linkType: hard

"@clack/prompts@npm:0.7.0":
  version: 0.7.0
  resolution: "@clack/prompts@npm:0.7.0"
  dependencies:
    "@clack/core": "npm:^0.3.3"
    is-unicode-supported: "npm:*"
    picocolors: "npm:^1.0.0"
    sisteransi: "npm:^1.0.5"
  checksum: 10c0/fecb3b34308c5cb75807211b28d50caa4b0c5d150d16e733e59bfba3187ac856f050ed44baeca90eb99e047671096ff54402dd2790e9c0e77845a75b04003e2e
  languageName: node
  linkType: hard

"@jonahsnider/util@npm:11.0.0":
  version: 11.0.0
  resolution: "@jonahsnider/util@npm:11.0.0"
  checksum: 10c0/f701a4425bde23a34899fae159411841ce19504c43e4cf14181225e231253c96ffb09a1ddb9d4f00266023b2694652c8467c8850c1a937b17aba37be74afca90
  languageName: node
  linkType: hard

"@pnpm/config.env-replace@npm:^1.1.0":
  version: 1.1.0
  resolution: "@pnpm/config.env-replace@npm:1.1.0"
  checksum: 10c0/4cfc4a5c49ab3d0c6a1f196cfd4146374768b0243d441c7de8fa7bd28eaab6290f514b98490472cc65dbd080d34369447b3e9302585e1d5c099befd7c8b5e55f
  languageName: node
  linkType: hard

"@pnpm/network.ca-file@npm:^1.0.1":
  version: 1.0.2
  resolution: "@pnpm/network.ca-file@npm:1.0.2"
  dependencies:
    graceful-fs: "npm:4.2.10"
  checksum: 10c0/95f6e0e38d047aca3283550719155ce7304ac00d98911e4ab026daedaf640a63bd83e3d13e17c623fa41ac72f3801382ba21260bcce431c14fbbc06430ecb776
  languageName: node
  linkType: hard

"@pnpm/npm-conf@npm:^2.1.0":
  version: 2.2.2
  resolution: "@pnpm/npm-conf@npm:2.2.2"
  dependencies:
    "@pnpm/config.env-replace": "npm:^1.1.0"
    "@pnpm/network.ca-file": "npm:^1.0.1"
    config-chain: "npm:^1.1.11"
  checksum: 10c0/71393dcfce85603fddd8484b486767163000afab03918303253ae97992615b91d25942f83751366cb40ad2ee32b0ae0a033561de9d878199a024286ff98b0296
  languageName: node
  linkType: hard

"@tsconfig/node20@npm:20.1.4":
  version: 20.1.4
  resolution: "@tsconfig/node20@npm:20.1.4"
  checksum: 10c0/239cd6abaceaaffc758e7a9dd3748ec1acfdabd6de28a9a16a3824c21f17ad69a16184870298460345d2fb6f3663d092c21d5b764bef669a179658b4a7eac739
  languageName: node
  linkType: hard

"@tsconfig/strictest@npm:2.0.5":
  version: 2.0.5
  resolution: "@tsconfig/strictest@npm:2.0.5"
  checksum: 10c0/cfc86da2d57f7b4b0827701b132c37a4974284e5c40649656c0e474866dfd8a69f57c6718230d8a8139967e2a95438586b8224c13ab0ff9d3a43eda771c50cc4
  languageName: node
  linkType: hard

"@types/configstore@npm:*":
  version: 6.0.2
  resolution: "@types/configstore@npm:6.0.2"
  checksum: 10c0/e38020663d0693122e90d30c17024d4cdbd6e0cd44ff8188cbf5df140c98964a0017386aff8053ff7816f58a9f2fce71d5c060fb4451bc6b132b8011f1e6a224
  languageName: node
  linkType: hard

"@types/node@npm:20.11.20":
  version: 20.11.20
  resolution: "@types/node@npm:20.11.20"
  dependencies:
    undici-types: "npm:~5.26.4"
  checksum: 10c0/8e8de211e6d54425c603388a9b5cc9c434101985d0a1c88aabbf65d10df2b1fccd71855c20e61ae8a75c7aea56cb0f64e722cf7914cff1247d0b62ce21996ac4
  languageName: node
  linkType: hard

"@types/update-notifier@npm:6.0.8":
  version: 6.0.8
  resolution: "@types/update-notifier@npm:6.0.8"
  dependencies:
    "@types/configstore": "npm:*"
    boxen: "npm:^7.1.1"
  checksum: 10c0/487f119d96ee90fd3070de9ae4773704522bc5bdced67debbc1feb32d690bfa6b44840b57c0eccbeb9fbff40a9ea459fe6acff37fcab102d8e3a6c6d6158455f
  languageName: node
  linkType: hard

"ansi-align@npm:^3.0.1":
  version: 3.0.1
  resolution: "ansi-align@npm:3.0.1"
  dependencies:
    string-width: "npm:^4.1.0"
  checksum: 10c0/ad8b755a253a1bc8234eb341e0cec68a857ab18bf97ba2bda529e86f6e30460416523e0ec58c32e5c21f0ca470d779503244892873a5895dbd0c39c788e82467
  languageName: node
  linkType: hard

"ansi-regex@npm:^5.0.1":
  version: 5.0.1
  resolution: "ansi-regex@npm:5.0.1"
  checksum: 10c0/9a64bb8627b434ba9327b60c027742e5d17ac69277960d041898596271d992d4d52ba7267a63ca10232e29f6107fc8a835f6ce8d719b88c5f8493f8254813737
  languageName: node
  linkType: hard

"ansi-regex@npm:^6.0.1":
  version: 6.0.1
  resolution: "ansi-regex@npm:6.0.1"
  checksum: 10c0/cbe16dbd2c6b2735d1df7976a7070dd277326434f0212f43abf6d87674095d247968209babdaad31bb00882fa68807256ba9be340eec2f1004de14ca75f52a08
  languageName: node
  linkType: hard

"ansi-styles@npm:^6.1.0, ansi-styles@npm:^6.2.1":
  version: 6.2.1
  resolution: "ansi-styles@npm:6.2.1"
  checksum: 10c0/5d1ec38c123984bcedd996eac680d548f31828bd679a66db2bdf11844634dde55fec3efa9c6bb1d89056a5e79c1ac540c4c784d592ea1d25028a92227d2f2d5c
  languageName: node
  linkType: hard

"atomically@npm:^2.0.3":
  version: 2.0.3
  resolution: "atomically@npm:2.0.3"
  dependencies:
    stubborn-fs: "npm:^1.2.5"
    when-exit: "npm:^2.1.1"
  checksum: 10c0/b9008a74f590d29be947f34b7583dab32034335fedfe340ac3e6458e2e315c770d8af6f15cd3947214702c523d91b5f989498348b1ab49c197bd645dc87d7a94
  languageName: node
  linkType: hard

"boxen@npm:^7.1.1":
  version: 7.1.1
  resolution: "boxen@npm:7.1.1"
  dependencies:
    ansi-align: "npm:^3.0.1"
    camelcase: "npm:^7.0.1"
    chalk: "npm:^5.2.0"
    cli-boxes: "npm:^3.0.0"
    string-width: "npm:^5.1.2"
    type-fest: "npm:^2.13.0"
    widest-line: "npm:^4.0.1"
    wrap-ansi: "npm:^8.1.0"
  checksum: 10c0/3a9891dc98ac40d582c9879e8165628258e2c70420c919e70fff0a53ccc7b42825e73cda6298199b2fbc1f41f5d5b93b492490ad2ae27623bed3897ddb4267f8
  languageName: node
  linkType: hard

"boxen@npm:^8.0.0":
  version: 8.0.0
  resolution: "boxen@npm:8.0.0"
  dependencies:
    ansi-align: "npm:^3.0.1"
    camelcase: "npm:^8.0.0"
    chalk: "npm:^5.3.0"
    cli-boxes: "npm:^4.0.0"
    string-width: "npm:^7.2.0"
    type-fest: "npm:^4.21.0"
    widest-line: "npm:^5.0.0"
    wrap-ansi: "npm:^9.0.0"
  checksum: 10c0/8a45b03a12d6767740d69fcb57629ddbc0f9f968aa9f62e9289d7950adfec6e5d314abd7a353b0b97bd2186411ee740598b03d719593b41a09bdeb94a1747825
  languageName: node
  linkType: hard

"camelcase@npm:^7.0.1":
  version: 7.0.1
  resolution: "camelcase@npm:7.0.1"
  checksum: 10c0/3adfc9a0e96d51b3a2f4efe90a84dad3e206aaa81dfc664f1bd568270e1bf3b010aad31f01db16345b4ffe1910e16ab411c7273a19a859addd1b98ef7cf4cfbd
  languageName: node
  linkType: hard

"camelcase@npm:^8.0.0":
  version: 8.0.0
  resolution: "camelcase@npm:8.0.0"
  checksum: 10c0/56c5fe072f0523c9908cdaac21d4a3b3fb0f608fb2e9ba90a60e792b95dd3bb3d1f3523873ab17d86d146e94171305f73ef619e2f538bd759675bc4a14b4bff3
  languageName: node
  linkType: hard

"chalk@npm:^5.2.0, chalk@npm:^5.3.0":
  version: 5.3.0
  resolution: "chalk@npm:5.3.0"
  checksum: 10c0/8297d436b2c0f95801103ff2ef67268d362021b8210daf8ddbe349695333eb3610a71122172ff3b0272f1ef2cf7cc2c41fdaa4715f52e49ffe04c56340feed09
  languageName: node
  linkType: hard

"cli-boxes@npm:^3.0.0":
  version: 3.0.0
  resolution: "cli-boxes@npm:3.0.0"
  checksum: 10c0/4db3e8fbfaf1aac4fb3a6cbe5a2d3fa048bee741a45371b906439b9ffc821c6e626b0f108bdcd3ddf126a4a319409aedcf39a0730573ff050fdd7b6731e99fb9
  languageName: node
  linkType: hard

"cli-boxes@npm:^4.0.0":
  version: 4.0.0
  resolution: "cli-boxes@npm:4.0.0"
  checksum: 10c0/a03e31c715c81184cd19bd27844d1c9c316becca312341ed14be8a4e1422fbf69718a4ea2be452a4f810fdb0229d75df9eadacea659d8c4919b092850d520de8
  languageName: node
  linkType: hard

"config-chain@npm:^1.1.11":
  version: 1.1.13
  resolution: "config-chain@npm:1.1.13"
  dependencies:
    ini: "npm:^1.3.4"
    proto-list: "npm:~1.2.1"
  checksum: 10c0/39d1df18739d7088736cc75695e98d7087aea43646351b028dfabd5508d79cf6ef4c5bcd90471f52cd87ae470d1c5490c0a8c1a292fbe6ee9ff688061ea0963e
  languageName: node
  linkType: hard

"configstore@npm:^7.0.0":
  version: 7.0.0
  resolution: "configstore@npm:7.0.0"
  dependencies:
    atomically: "npm:^2.0.3"
    dot-prop: "npm:^9.0.0"
    graceful-fs: "npm:^4.2.11"
    xdg-basedir: "npm:^5.1.0"
  checksum: 10c0/46639ddcebe94e58ab903d1bcfaddf297585469ee11fb2900975531cf6e59f495fa1324bf594d6bf13c5daf02e1110e9f0634caecc11203c52283ff26e2a4d8b
  languageName: node
  linkType: hard

"deep-extend@npm:^0.6.0":
  version: 0.6.0
  resolution: "deep-extend@npm:0.6.0"
  checksum: 10c0/1c6b0abcdb901e13a44c7d699116d3d4279fdb261983122a3783e7273844d5f2537dc2e1c454a23fcf645917f93fbf8d07101c1d03c015a87faa662755212566
  languageName: node
  linkType: hard

"dot-prop@npm:^9.0.0":
  version: 9.0.0
  resolution: "dot-prop@npm:9.0.0"
  dependencies:
    type-fest: "npm:^4.18.2"
  checksum: 10c0/4bac49a2f559156811862ac92813906f70529c50da918eaab81b38dd869743c667d578e183607f5ae11e8ae2a02e43e98e32c8a37bc4cae76b04d5b576e3112f
  languageName: node
  linkType: hard

"eastasianwidth@npm:^0.2.0":
  version: 0.2.0
  resolution: "eastasianwidth@npm:0.2.0"
  checksum: 10c0/26f364ebcdb6395f95124fda411f63137a4bfb5d3a06453f7f23dfe52502905bd84e0488172e0f9ec295fdc45f05c23d5d91baf16bd26f0fe9acd777a188dc39
  languageName: node
  linkType: hard

"emoji-regex@npm:^10.3.0":
  version: 10.3.0
  resolution: "emoji-regex@npm:10.3.0"
  checksum: 10c0/b4838e8dcdceb44cf47f59abe352c25ff4fe7857acaf5fb51097c427f6f75b44d052eb907a7a3b86f86bc4eae3a93f5c2b7460abe79c407307e6212d65c91163
  languageName: node
  linkType: hard

"emoji-regex@npm:^8.0.0":
  version: 8.0.0
  resolution: "emoji-regex@npm:8.0.0"
  checksum: 10c0/b6053ad39951c4cf338f9092d7bfba448cdfd46fe6a2a034700b149ac9ffbc137e361cbd3c442297f86bed2e5f7576c1b54cc0a6bf8ef5106cc62f496af35010
  languageName: node
  linkType: hard

"emoji-regex@npm:^9.2.2":
  version: 9.2.2
  resolution: "emoji-regex@npm:9.2.2"
  checksum: 10c0/af014e759a72064cf66e6e694a7fc6b0ed3d8db680427b021a89727689671cefe9d04151b2cad51dbaf85d5ba790d061cd167f1cf32eb7b281f6368b3c181639
  languageName: node
  linkType: hard

"escape-goat@npm:^4.0.0":
  version: 4.0.0
  resolution: "escape-goat@npm:4.0.0"
  checksum: 10c0/9d2a8314e2370f2dd9436d177f6b3b1773525df8f895c8f3e1acb716f5fd6b10b336cb1cd9862d4709b36eb207dbe33664838deca9c6d55b8371be4eebb972f6
  languageName: node
  linkType: hard

"get-east-asian-width@npm:^1.0.0":
  version: 1.2.0
  resolution: "get-east-asian-width@npm:1.2.0"
  checksum: 10c0/914b1e217cf38436c24b4c60b4c45289e39a45bf9e65ef9fd343c2815a1a02b8a0215aeec8bf9c07c516089004b6e3826332481f40a09529fcadbf6e579f286b
  languageName: node
  linkType: hard

"global-directory@npm:^4.0.1":
  version: 4.0.1
  resolution: "global-directory@npm:4.0.1"
  dependencies:
    ini: "npm:4.1.1"
  checksum: 10c0/f9cbeef41db4876f94dd0bac1c1b4282a7de9c16350ecaaf83e7b2dd777b32704cc25beeb1170b5a63c42a2c9abfade74d46357fe0133e933218bc89e613d4b2
  languageName: node
  linkType: hard

"graceful-fs@npm:4.2.10":
  version: 4.2.10
  resolution: "graceful-fs@npm:4.2.10"
  checksum: 10c0/4223a833e38e1d0d2aea630c2433cfb94ddc07dfc11d511dbd6be1d16688c5be848acc31f9a5d0d0ddbfb56d2ee5a6ae0278aceeb0ca6a13f27e06b9956fb952
  languageName: node
  linkType: hard

"graceful-fs@npm:^4.2.11":
  version: 4.2.11
  resolution: "graceful-fs@npm:4.2.11"
  checksum: 10c0/386d011a553e02bc594ac2ca0bd6d9e4c22d7fa8cfbfc448a6d148c59ea881b092db9dbe3547ae4b88e55f1b01f7c4a2ecc53b310c042793e63aa44cf6c257f2
  languageName: node
  linkType: hard

"ini@npm:4.1.1":
  version: 4.1.1
  resolution: "ini@npm:4.1.1"
  checksum: 10c0/7fddc8dfd3e63567d4fdd5d999d1bf8a8487f1479d0b34a1d01f28d391a9228d261e19abc38e1a6a1ceb3400c727204fce05725d5eb598dfcf2077a1e3afe211
  languageName: node
  linkType: hard

"ini@npm:^1.3.4, ini@npm:~1.3.0":
  version: 1.3.8
  resolution: "ini@npm:1.3.8"
  checksum: 10c0/ec93838d2328b619532e4f1ff05df7909760b6f66d9c9e2ded11e5c1897d6f2f9980c54dd638f88654b00919ce31e827040631eab0a3969e4d1abefa0719516a
  languageName: node
  linkType: hard

"is-fullwidth-code-point@npm:^3.0.0":
  version: 3.0.0
  resolution: "is-fullwidth-code-point@npm:3.0.0"
  checksum: 10c0/bb11d825e049f38e04c06373a8d72782eee0205bda9d908cc550ccb3c59b99d750ff9537982e01733c1c94a58e35400661f57042158ff5e8f3e90cf936daf0fc
  languageName: node
  linkType: hard

"is-in-ci@npm:^1.0.0":
  version: 1.0.0
  resolution: "is-in-ci@npm:1.0.0"
  bin:
    is-in-ci: cli.js
  checksum: 10c0/98f9cec4c35aece4cf731abf35ebf28359a9b0324fac810da05b842515d9ccb33b8999c1d9a679f0362e1a4df3292065c38d7f86327b1387fa667bc0150f4898
  languageName: node
  linkType: hard

"is-installed-globally@npm:^1.0.0":
  version: 1.0.0
  resolution: "is-installed-globally@npm:1.0.0"
  dependencies:
    global-directory: "npm:^4.0.1"
    is-path-inside: "npm:^4.0.0"
  checksum: 10c0/5f57745b6e75b2e9e707a26470d0cb74291d9be33c0fe0dc06c6955fe086bc2ca0a8960631b1ecb9677100eac90af33e911aec7a2c0b88097d702bfa3b76486d
  languageName: node
  linkType: hard

"is-npm@npm:^6.0.0":
  version: 6.0.0
  resolution: "is-npm@npm:6.0.0"
  checksum: 10c0/1f064c66325cba6e494783bee4e635caa2655aad7f853a0e045d086e0bb7d83d2d6cdf1745dc9a7c7c93dacbf816fbee1f8d9179b02d5d01674d4f92541dc0d9
  languageName: node
  linkType: hard

"is-path-inside@npm:^4.0.0":
  version: 4.0.0
  resolution: "is-path-inside@npm:4.0.0"
  checksum: 10c0/51188d7e2b1d907a9a5f7c18d99a90b60870b951ed87cf97595d9aaa429d4c010652c3350bcbf31182e7f4b0eab9a1860b43e16729b13cb1a44baaa6cdb64c46
  languageName: node
  linkType: hard

"is-unicode-supported@npm:*":
  version: 2.0.0
  resolution: "is-unicode-supported@npm:2.0.0"
  checksum: 10c0/3013dfb8265fe9f9a0d1e9433fc4e766595631a8d85d60876c457b4bedc066768dab1477c553d02e2f626d88a4e019162706e04263c94d74994ef636a33b5f94
  languageName: node
  linkType: hard

"is-unicode-supported@npm:2.1.0":
  version: 2.1.0
  resolution: "is-unicode-supported@npm:2.1.0"
  checksum: 10c0/a0f53e9a7c1fdbcf2d2ef6e40d4736fdffff1c9f8944c75e15425118ff3610172c87bf7bc6c34d3903b04be59790bb2212ddbe21ee65b5a97030fc50370545a5
  languageName: node
  linkType: hard

"ky@npm:^1.2.0":
  version: 1.4.0
  resolution: "ky@npm:1.4.0"
  checksum: 10c0/351affa46d9dcd623ad3c9c8e95a22bb642eb0bd0326c1884577aef20c82261da5b46deb33c18e08398cef5c34c4d94871dfebf0db73d5400949948a33ac34fb
  languageName: node
  linkType: hard

"latest-version@npm:^9.0.0":
  version: 9.0.0
  resolution: "latest-version@npm:9.0.0"
  dependencies:
    package-json: "npm:^10.0.0"
  checksum: 10c0/643cfda3a58dfb3af221a2950e433393d28a5adbe225d1cbbb358dbcbb04e9f8dce15b892f8ae3e3156f50693428dbd7ca13a69edfbdfcd94e62519480d7041e
  languageName: node
  linkType: hard

"minimist@npm:^1.2.0":
  version: 1.2.8
  resolution: "minimist@npm:1.2.8"
  checksum: 10c0/19d3fcdca050087b84c2029841a093691a91259a47def2f18222f41e7645a0b7c44ef4b40e88a1e58a40c84d2ef0ee6047c55594d298146d0eb3f6b737c20ce6
  languageName: node
  linkType: hard

"package-json@npm:^10.0.0":
  version: 10.0.0
  resolution: "package-json@npm:10.0.0"
  dependencies:
    ky: "npm:^1.2.0"
    registry-auth-token: "npm:^5.0.2"
    registry-url: "npm:^6.0.1"
    semver: "npm:^7.6.0"
  checksum: 10c0/54e30f6ddbe4fea9ae41d1d938ba033a5c5b1528c473b5155a69d673adcbb575b94f1ade6adaed1d0b2c1429649d7395edd71564d2a3b1dbff73d31675731e85
  languageName: node
  linkType: hard

"path-exists@npm:5.0.0":
  version: 5.0.0
  resolution: "path-exists@npm:5.0.0"
  checksum: 10c0/b170f3060b31604cde93eefdb7392b89d832dfbc1bed717c9718cbe0f230c1669b7e75f87e19901da2250b84d092989a0f9e44d2ef41deb09aa3ad28e691a40a
  languageName: node
  linkType: hard

"pathflip@workspace:.":
  version: 0.0.0-use.local
  resolution: "pathflip@workspace:."
  dependencies:
    "@biomejs/biome": "npm:1.5.3"
    "@clack/prompts": "npm:0.7.0"
    "@jonahsnider/util": "npm:11.0.0"
    "@tsconfig/node20": "npm:20.1.4"
    "@tsconfig/strictest": "npm:2.0.5"
    "@types/node": "npm:20.11.20"
    "@types/update-notifier": "npm:6.0.8"
    is-unicode-supported: "npm:2.1.0"
    path-exists: "npm:5.0.0"
    typescript: "npm:5.6.2"
    update-notifier: "npm:7.3.0"
  bin:
    pathflip: dist/src/index.js
  languageName: unknown
  linkType: soft

"picocolors@npm:^1.0.0":
  version: 1.0.0
  resolution: "picocolors@npm:1.0.0"
  checksum: 10c0/20a5b249e331c14479d94ec6817a182fd7a5680debae82705747b2db7ec50009a5f6648d0621c561b0572703f84dbef0858abcbd5856d3c5511426afcb1961f7
  languageName: node
  linkType: hard

"proto-list@npm:~1.2.1":
  version: 1.2.4
  resolution: "proto-list@npm:1.2.4"
  checksum: 10c0/b9179f99394ec8a68b8afc817690185f3b03933f7b46ce2e22c1930dc84b60d09f5ad222beab4e59e58c6c039c7f7fcf620397235ef441a356f31f9744010e12
  languageName: node
  linkType: hard

"pupa@npm:^3.1.0":
  version: 3.1.0
  resolution: "pupa@npm:3.1.0"
  dependencies:
    escape-goat: "npm:^4.0.0"
  checksum: 10c0/02afa6e4547a733484206aaa8f8eb3fbfb12d3dd17d7ca4fa1ea390a7da2cb8f381e38868bbf68009c4d372f8f6059f553171b6a712d8f2802c7cd43d513f06c
  languageName: node
  linkType: hard

"rc@npm:1.2.8":
  version: 1.2.8
  resolution: "rc@npm:1.2.8"
  dependencies:
    deep-extend: "npm:^0.6.0"
    ini: "npm:~1.3.0"
    minimist: "npm:^1.2.0"
    strip-json-comments: "npm:~2.0.1"
  bin:
    rc: ./cli.js
  checksum: 10c0/24a07653150f0d9ac7168e52943cc3cb4b7a22c0e43c7dff3219977c2fdca5a2760a304a029c20811a0e79d351f57d46c9bde216193a0f73978496afc2b85b15
  languageName: node
  linkType: hard

"registry-auth-token@npm:^5.0.2":
  version: 5.0.2
  resolution: "registry-auth-token@npm:5.0.2"
  dependencies:
    "@pnpm/npm-conf": "npm:^2.1.0"
  checksum: 10c0/20fc2225681cc54ae7304b31ebad5a708063b1949593f02dfe5fb402bc1fc28890cecec6497ea396ba86d6cca8a8480715926dfef8cf1f2f11e6f6cc0a1b4bde
  languageName: node
  linkType: hard

"registry-url@npm:^6.0.1":
  version: 6.0.1
  resolution: "registry-url@npm:6.0.1"
  dependencies:
    rc: "npm:1.2.8"
  checksum: 10c0/66e2221c8113fc35ee9d23fe58cb516fc8d556a189fb8d6f1011a02efccc846c4c9b5075b4027b99a5d5c9ad1345ac37f297bea3c0ca30d607ec8084bf561b90
  languageName: node
  linkType: hard

"semver@npm:^7.6.0":
  version: 7.6.2
  resolution: "semver@npm:7.6.2"
  bin:
    semver: bin/semver.js
  checksum: 10c0/97d3441e97ace8be4b1976433d1c32658f6afaff09f143e52c593bae7eef33de19e3e369c88bd985ce1042c6f441c80c6803078d1de2a9988080b66684cbb30c
  languageName: node
  linkType: hard

"semver@npm:^7.6.3":
  version: 7.6.3
  resolution: "semver@npm:7.6.3"
  bin:
    semver: bin/semver.js
  checksum: 10c0/88f33e148b210c153873cb08cfe1e281d518aaa9a666d4d148add6560db5cd3c582f3a08ccb91f38d5f379ead256da9931234ed122057f40bb5766e65e58adaf
  languageName: node
  linkType: hard

"sisteransi@npm:^1.0.5":
  version: 1.0.5
  resolution: "sisteransi@npm:1.0.5"
  checksum: 10c0/230ac975cca485b7f6fe2b96a711aa62a6a26ead3e6fb8ba17c5a00d61b8bed0d7adc21f5626b70d7c33c62ff4e63933017a6462942c719d1980bb0b1207ad46
  languageName: node
  linkType: hard

"string-width@npm:^4.1.0":
  version: 4.2.3
  resolution: "string-width@npm:4.2.3"
  dependencies:
    emoji-regex: "npm:^8.0.0"
    is-fullwidth-code-point: "npm:^3.0.0"
    strip-ansi: "npm:^6.0.1"
  checksum: 10c0/1e525e92e5eae0afd7454086eed9c818ee84374bb80328fc41217ae72ff5f065ef1c9d7f72da41de40c75fa8bb3dee63d92373fd492c84260a552c636392a47b
  languageName: node
  linkType: hard

"string-width@npm:^5.0.1, string-width@npm:^5.1.2":
  version: 5.1.2
  resolution: "string-width@npm:5.1.2"
  dependencies:
    eastasianwidth: "npm:^0.2.0"
    emoji-regex: "npm:^9.2.2"
    strip-ansi: "npm:^7.0.1"
  checksum: 10c0/ab9c4264443d35b8b923cbdd513a089a60de339216d3b0ed3be3ba57d6880e1a192b70ae17225f764d7adbf5994e9bb8df253a944736c15a0240eff553c678ca
  languageName: node
  linkType: hard

"string-width@npm:^7.0.0, string-width@npm:^7.2.0":
  version: 7.2.0
  resolution: "string-width@npm:7.2.0"
  dependencies:
    emoji-regex: "npm:^10.3.0"
    get-east-asian-width: "npm:^1.0.0"
    strip-ansi: "npm:^7.1.0"
  checksum: 10c0/eb0430dd43f3199c7a46dcbf7a0b34539c76fe3aa62763d0b0655acdcbdf360b3f66f3d58ca25ba0205f42ea3491fa00f09426d3b7d3040e506878fc7664c9b9
  languageName: node
  linkType: hard

"strip-ansi@npm:^6.0.1":
  version: 6.0.1
  resolution: "strip-ansi@npm:6.0.1"
  dependencies:
    ansi-regex: "npm:^5.0.1"
  checksum: 10c0/1ae5f212a126fe5b167707f716942490e3933085a5ff6c008ab97ab2f272c8025d3aa218b7bd6ab25729ca20cc81cddb252102f8751e13482a5199e873680952
  languageName: node
  linkType: hard

"strip-ansi@npm:^7.0.1, strip-ansi@npm:^7.1.0":
  version: 7.1.0
  resolution: "strip-ansi@npm:7.1.0"
  dependencies:
    ansi-regex: "npm:^6.0.1"
  checksum: 10c0/a198c3762e8832505328cbf9e8c8381de14a4fa50a4f9b2160138158ea88c0f5549fb50cb13c651c3088f47e63a108b34622ec18c0499b6c8c3a5ddf6b305ac4
  languageName: node
  linkType: hard

"strip-json-comments@npm:~2.0.1":
  version: 2.0.1
  resolution: "strip-json-comments@npm:2.0.1"
  checksum: 10c0/b509231cbdee45064ff4f9fd73609e2bcc4e84a4d508e9dd0f31f70356473fde18abfb5838c17d56fb236f5a06b102ef115438de0600b749e818a35fbbc48c43
  languageName: node
  linkType: hard

"stubborn-fs@npm:^1.2.5":
  version: 1.2.5
  resolution: "stubborn-fs@npm:1.2.5"
  checksum: 10c0/0676befd9901d4dd4e162700fa0396f11d523998589cd6b61b06d1021db811dc4c1e6713869748c6cfa49d58beb9b6f0dc5b6aca6b075811b949e1602ce1e26f
  languageName: node
  linkType: hard

"type-fest@npm:^2.13.0":
  version: 2.19.0
  resolution: "type-fest@npm:2.19.0"
  checksum: 10c0/a5a7ecf2e654251613218c215c7493574594951c08e52ab9881c9df6a6da0aeca7528c213c622bc374b4e0cb5c443aa3ab758da4e3c959783ce884c3194e12cb
  languageName: node
  linkType: hard

"type-fest@npm:^4.18.2, type-fest@npm:^4.21.0":
  version: 4.23.0
  resolution: "type-fest@npm:4.23.0"
  checksum: 10c0/c42bb14e99329ab37983d1f188e307bf0cc705a23807d9b2268d8fb2ae781d610ac6e2058dde8f9ea2b1b8ddc77ceb578d157fa81f69f8f70aef1d42fb002996
  languageName: node
  linkType: hard

"typescript@npm:5.6.2":
  version: 5.6.2
  resolution: "typescript@npm:5.6.2"
  bin:
    tsc: bin/tsc
    tsserver: bin/tsserver
  checksum: 10c0/3ed8297a8c7c56b7fec282532503d1ac795239d06e7c4966b42d4330c6cf433a170b53bcf93a130a7f14ccc5235de5560df4f1045eb7f3550b46ebed16d3c5e5
  languageName: node
  linkType: hard

"typescript@patch:typescript@npm%3A5.6.2#optional!builtin<compat/typescript>":
  version: 5.6.2
  resolution: "typescript@patch:typescript@npm%3A5.6.2#optional!builtin<compat/typescript>::version=5.6.2&hash=8c6c40"
  bin:
    tsc: bin/tsc
    tsserver: bin/tsserver
  checksum: 10c0/94eb47e130d3edd964b76da85975601dcb3604b0c848a36f63ac448d0104e93819d94c8bdf6b07c00120f2ce9c05256b8b6092d23cf5cf1c6fa911159e4d572f
  languageName: node
  linkType: hard

"undici-types@npm:~5.26.4":
  version: 5.26.5
  resolution: "undici-types@npm:5.26.5"
  checksum: 10c0/bb673d7876c2d411b6eb6c560e0c571eef4a01c1c19925175d16e3a30c4c428181fb8d7ae802a261f283e4166a0ac435e2f505743aa9e45d893f9a3df017b501
  languageName: node
  linkType: hard

"update-notifier@npm:7.3.0":
  version: 7.3.0
  resolution: "update-notifier@npm:7.3.0"
  dependencies:
    boxen: "npm:^8.0.0"
    chalk: "npm:^5.3.0"
    configstore: "npm:^7.0.0"
    is-in-ci: "npm:^1.0.0"
    is-installed-globally: "npm:^1.0.0"
    is-npm: "npm:^6.0.0"
    latest-version: "npm:^9.0.0"
    pupa: "npm:^3.1.0"
    semver: "npm:^7.6.3"
    xdg-basedir: "npm:^5.1.0"
  checksum: 10c0/d51d508b118f39835ca13d864ecfed3339ea3c18d97b402eff9193fa5a9e2681b035ec34771f218967441640c3bbd4df19bb1e7d892c3d1ac2588619b586c7ea
  languageName: node
  linkType: hard

"when-exit@npm:^2.1.1":
  version: 2.1.3
  resolution: "when-exit@npm:2.1.3"
  checksum: 10c0/9b8f3bee4b0f8711a586d5b6241a1cd14d501a52c8138c26d425758552b3605b3785260b87cdd0bbc12e853d194b7a1f81598d789c8aa6f241debaccea99e777
  languageName: node
  linkType: hard

"widest-line@npm:^4.0.1":
  version: 4.0.1
  resolution: "widest-line@npm:4.0.1"
  dependencies:
    string-width: "npm:^5.0.1"
  checksum: 10c0/7da9525ba45eaf3e4ed1a20f3dcb9b85bd9443962450694dae950f4bdd752839747bbc14713522b0b93080007de8e8af677a61a8c2114aa553ad52bde72d0f9c
  languageName: node
  linkType: hard

"widest-line@npm:^5.0.0":
  version: 5.0.0
  resolution: "widest-line@npm:5.0.0"
  dependencies:
    string-width: "npm:^7.0.0"
  checksum: 10c0/6bd6cca8cda502ef50e05353fd25de0df8c704ffc43ada7e0a9cf9a5d4f4e12520485d80e0b77cec8a21f6c3909042fcf732aa9281e5dbb98cc9384a138b2578
  languageName: node
  linkType: hard

"wrap-ansi@npm:^8.1.0":
  version: 8.1.0
  resolution: "wrap-ansi@npm:8.1.0"
  dependencies:
    ansi-styles: "npm:^6.1.0"
    string-width: "npm:^5.0.1"
    strip-ansi: "npm:^7.0.1"
  checksum: 10c0/138ff58a41d2f877eae87e3282c0630fc2789012fc1af4d6bd626eeb9a2f9a65ca92005e6e69a75c7b85a68479fe7443c7dbe1eb8fbaa681a4491364b7c55c60
  languageName: node
  linkType: hard

"wrap-ansi@npm:^9.0.0":
  version: 9.0.0
  resolution: "wrap-ansi@npm:9.0.0"
  dependencies:
    ansi-styles: "npm:^6.2.1"
    string-width: "npm:^7.0.0"
    strip-ansi: "npm:^7.1.0"
  checksum: 10c0/a139b818da9573677548dd463bd626a5a5286271211eb6e4e82f34a4f643191d74e6d4a9bb0a3c26ec90e6f904f679e0569674ac099ea12378a8b98e20706066
  languageName: node
  linkType: hard

"xdg-basedir@npm:^5.1.0":
  version: 5.1.0
  resolution: "xdg-basedir@npm:5.1.0"
  checksum: 10c0/c88efabc71ffd996ba9ad8923a8cc1c7c020a03e2c59f0ffa72e06be9e724ad2a0fccef488757bc6ed3d8849d753dd25082d1035d95cb179e79eae4d034d0b80
  languageName: node
  linkType: hard
